Microsoft Visual Studio Solution File, Format Version 12.00
# Visual Studio Version 17
VisualStudioVersion = 17.5.2.0
MinimumVisualStudioVersion = 10.0.40219.1
Project("{FAE04EC0-301F-11D3-BF4B-00C04F79EFBC}") = "MazErpAPI", "MazErpAPI.csproj", "{B8A1FA16-D9DE-2209-EAE0-E96C34EDCF07}"
EndProject
Project("{FAE04EC0-301F-11D3-BF4B-00C04F79EFBC}") = "UnitTests", "UnitTests\UnitTests.csproj", "{FEDBEC3A-7C2E-4120-B49F-F0F39A8EBB21}"
EndProject
Global
	GlobalSection(SolutionConfigurationPlatforms) = preSolution
		Debug|Any CPU = Debug|Any CPU
		Debug|x64 = Debug|x64
		Debug|x86 = Debug|x86
		Release|Any CPU = Release|Any CPU
		Release|x64 = Release|x64
		Release|x86 = Release|x86
	EndGlobalSection
	GlobalSection(ProjectConfigurationPlatforms) = postSolution
		{B8A1FA16-D9DE-2209-EAE0-E96C34EDCF07}.Debug|Any CPU.ActiveCfg = Debug|Any CPU
		{B8A1FA16-D9DE-2209-EAE0-E96C34EDCF07}.Debug|Any CPU.Build.0 = Debug|Any CPU
		{B8A1FA16-D9DE-2209-EAE0-E96C34EDCF07}.Debug|x64.ActiveCfg = Debug|Any CPU
		{B8A1FA16-D9DE-2209-EAE0-E96C34EDCF07}.Debug|x64.Build.0 = Debug|Any CPU
		{B8A1FA16-D9DE-2209-EAE0-E96C34EDCF07}.Debug|x86.ActiveCfg = Debug|Any CPU
		{B8A1FA16-D9DE-2209-EAE0-E96C34EDCF07}.Debug|x86.Build.0 = Debug|Any CPU
		{B8A1FA16-D9DE-2209-EAE0-E96C34EDCF07}.Release|Any CPU.ActiveCfg = Release|Any CPU
		{B8A1FA16-D9DE-2209-EAE0-E96C34EDCF07}.Release|Any CPU.Build.0 = Release|Any CPU
		{B8A1FA16-D9DE-2209-EAE0-E96C34EDCF07}.Release|x64.ActiveCfg = Release|Any CPU
		{B8A1FA16-D9DE-2209-EAE0-E96C34EDCF07}.Release|x64.Build.0 = Release|Any CPU
		{B8A1FA16-D9DE-2209-EAE0-E96C34EDCF07}.Release|x86.ActiveCfg = Release|Any CPU
		{B8A1FA16-D9DE-2209-EAE0-E96C34EDCF07}.Release|x86.Build.0 = Release|Any CPU
		{FEDBEC3A-7C2E-4120-B49F-F0F39A8EBB21}.Debug|Any CPU.ActiveCfg = Debug|Any CPU
		{FEDBEC3A-7C2E-4120-B49F-F0F39A8EBB21}.Debug|Any CPU.Build.0 = Debug|Any CPU
		{FEDBEC3A-7C2E-4120-B49F-F0F39A8EBB21}.Debug|x64.ActiveCfg = Debug|Any CPU
		{FEDBEC3A-7C2E-4120-B49F-F0F39A8EBB21}.Debug|x64.Build.0 = Debug|Any CPU
		{FEDBEC3A-7C2E-4120-B49F-F0F39A8EBB21}.Debug|x86.ActiveCfg = Debug|Any CPU
		{FEDBEC3A-7C2E-4120-B49F-F0F39A8EBB21}.Debug|x86.Build.0 = Debug|Any CPU
		{FEDBEC3A-7C2E-4120-B49F-F0F39A8EBB21}.Release|Any CPU.ActiveCfg = Release|Any CPU
		{FEDBEC3A-7C2E-4120-B49F-F0F39A8EBB21}.Release|Any CPU.Build.0 = Release|Any CPU
		{FEDBEC3A-7C2E-4120-B49F-F0F39A8EBB21}.Release|x64.ActiveCfg = Release|Any CPU
		{FEDBEC3A-7C2E-4120-B49F-F0F39A8EBB21}.Release|x64.Build.0 = Release|Any CPU
		{FEDBEC3A-7C2E-4120-B49F-F0F39A8EBB21}.Release|x86.ActiveCfg = Release|Any CPU
		{FEDBEC3A-7C2E-4120-B49F-F0F39A8EBB21}.Release|x86.Build.0 = Release|Any CPU
	EndGlobalSection
	GlobalSection(SolutionProperties) = preSolution
		HideSolutionNode = FALSE
	EndGlobalSection
	GlobalSection(ExtensibilityGlobals) = postSolution
		SolutionGuid = {B11880A2-2EAD-4676-8C77-D72C9AA948CA}
	EndGlobalSection
EndGlobal
